// !$*UTF8*$!
{
	archiveVersion = 1;
	classes = {
	};
	objectVersion = 50;
	objects = {

/* Begin PBXBuildFile section */
		3105578E7C0F18C8F72918B1 /* Pods_TVShows__Dev_.framework in Frameworks */ = {isa = PBXBuildFile; fileRef = 59C7C0B0FE41EF731FFF87B5 /* Pods_TVShows__Dev_.framework */; };
		40054320218EE3000023DA3E /* LoginViewController.swift in Sources */ = {isa = PBXBuildFile; fileRef = 4005431F218EE3000023DA3E /* LoginViewController.swift */; };
		40054321218EE3000023DA3E /* LoginViewController.swift in Sources */ = {isa = PBXBuildFile; fileRef = 4005431F218EE3000023DA3E /* LoginViewController.swift */; };
		40054323218EE32E0023DA3E /* LoginInteractor.swift in Sources */ = {isa = PBXBuildFile; fileRef = 40054322218EE32E0023DA3E /* LoginInteractor.swift */; };
		40054324218EE32E0023DA3E /* LoginInteractor.swift in Sources */ = {isa = PBXBuildFile; fileRef = 40054322218EE32E0023DA3E /* LoginInteractor.swift */; };
		40054326218EE3540023DA3E /* LoginCoordinator.swift in Sources */ = {isa = PBXBuildFile; fileRef = 40054325218EE3540023DA3E /* LoginCoordinator.swift */; };
		40054327218EE3540023DA3E /* LoginCoordinator.swift in Sources */ = {isa = PBXBuildFile; fileRef = 40054325218EE3540023DA3E /* LoginCoordinator.swift */; };
		40154142218AE92200782486 /* AppDelegate.swift in Sources */ = {isa = PBXBuildFile; fileRef = 4047C452218ADC1300599F57 /* AppDelegate.swift */; };
		40154145218AE92200782486 /* LaunchScreen.storyboard in Resources */ = {isa = PBXBuildFile; fileRef = 4047C45B218ADC1600599F57 /* LaunchScreen.storyboard */; };
		40154146218AE92200782486 /* Assets.xcassets in Resources */ = {isa = PBXBuildFile; fileRef = 4047C459218ADC1600599F57 /* Assets.xcassets */; };
		40154147218AE92200782486 /* Main.storyboard in Resources */ = {isa = PBXBuildFile; fileRef = 4047C456218ADC1300599F57 /* Main.storyboard */; };
		40154153218AED0D00782486 /* TVShow.xcconfig in Resources */ = {isa = PBXBuildFile; fileRef = 40154152218AED0D00782486 /* TVShow.xcconfig */; };
		40154154218AED0D00782486 /* TVShow.xcconfig in Resources */ = {isa = PBXBuildFile; fileRef = 40154152218AED0D00782486 /* TVShow.xcconfig */; };
		40154156218AEDC800782486 /* TVShowDev.xcconfig in Resources */ = {isa = PBXBuildFile; fileRef = 40154155218AEDC800782486 /* TVShowDev.xcconfig */; };
		40154157218AEDC800782486 /* TVShowDev.xcconfig in Resources */ = {isa = PBXBuildFile; fileRef = 40154155218AEDC800782486 /* TVShowDev.xcconfig */; };
		40154159218AEDE800782486 /* TVShow_Debug.xcconfig in Resources */ = {isa = PBXBuildFile; fileRef = 40154158218AEDE800782486 /* TVShow_Debug.xcconfig */; };
		4015415A218AEDE800782486 /* TVShow_Debug.xcconfig in Resources */ = {isa = PBXBuildFile; fileRef = 40154158218AEDE800782486 /* TVShow_Debug.xcconfig */; };
		4015415C218AEDFD00782486 /* TVShow_Release.xcconfig in Resources */ = {isa = PBXBuildFile; fileRef = 4015415B218AEDFD00782486 /* TVShow_Release.xcconfig */; };
		4015415D218AEDFD00782486 /* TVShow_Release.xcconfig in Resources */ = {isa = PBXBuildFile; fileRef = 4015415B218AEDFD00782486 /* TVShow_Release.xcconfig */; };
		4015415F218AEE1B00782486 /* TVShowDev_Debug.xcconfig in Resources */ = {isa = PBXBuildFile; fileRef = 4015415E218AEE1B00782486 /* TVShowDev_Debug.xcconfig */; };
		40154160218AEE1B00782486 /* TVShowDev_Debug.xcconfig in Resources */ = {isa = PBXBuildFile; fileRef = 4015415E218AEE1B00782486 /* TVShowDev_Debug.xcconfig */; };
		40154162218AEE3A00782486 /* TVShowDev_Release.xcconfig in Resources */ = {isa = PBXBuildFile; fileRef = 40154161218AEE3A00782486 /* TVShowDev_Release.xcconfig */; };
		40154163218AEE3A00782486 /* TVShowDev_Release.xcconfig in Resources */ = {isa = PBXBuildFile; fileRef = 40154161218AEE3A00782486 /* TVShowDev_Release.xcconfig */; };
		40154168218AEFB600782486 /* APICallsConfigurations.plist in Resources */ = {isa = PBXBuildFile; fileRef = 40154167218AEFB600782486 /* APICallsConfigurations.plist */; };
		40154169218AEFB600782486 /* APICallsConfigurations.plist in Resources */ = {isa = PBXBuildFile; fileRef = 40154167218AEFB600782486 /* APICallsConfigurations.plist */; };
		4015416B218AF58D00782486 /* Version.xcconfig in Resources */ = {isa = PBXBuildFile; fileRef = 4015416A218AF58D00782486 /* Version.xcconfig */; };
		4015416C218AF58D00782486 /* Version.xcconfig in Resources */ = {isa = PBXBuildFile; fileRef = 4015416A218AF58D00782486 /* Version.xcconfig */; };
		40154172218B210400782486 /* WebConfiguration.swift in Sources */ = {isa = PBXBuildFile; fileRef = 40154171218B210400782486 /* WebConfiguration.swift */; };
		40154173218B210400782486 /* WebConfiguration.swift in Sources */ = {isa = PBXBuildFile; fileRef = 40154171218B210400782486 /* WebConfiguration.swift */; };
		40154175218B238500782486 /* ApplicationBuildConfig.swift in Sources */ = {isa = PBXBuildFile; fileRef = 40154174218B238500782486 /* ApplicationBuildConfig.swift */; };
		40154176218B238500782486 /* ApplicationBuildConfig.swift in Sources */ = {isa = PBXBuildFile; fileRef = 40154174218B238500782486 /* ApplicationBuildConfig.swift */; };
		40154178218B329C00782486 /* WebService.swift in Sources */ = {isa = PBXBuildFile; fileRef = 40154177218B329C00782486 /* WebService.swift */; };
		40154179218B329C00782486 /* WebService.swift in Sources */ = {isa = PBXBuildFile; fileRef = 40154177218B329C00782486 /* WebService.swift */; };
		4015417B218B349200782486 /* WebServiceRequest.swift in Sources */ = {isa = PBXBuildFile; fileRef = 4015417A218B349200782486 /* WebServiceRequest.swift */; };
		4015417C218B349200782486 /* WebServiceRequest.swift in Sources */ = {isa = PBXBuildFile; fileRef = 4015417A218B349200782486 /* WebServiceRequest.swift */; };
		4015417E218B34E900782486 /* WebServiceResponse.swift in Sources */ = {isa = PBXBuildFile; fileRef = 4015417D218B34E900782486 /* WebServiceResponse.swift */; };
		4015417F218B34E900782486 /* WebServiceResponse.swift in Sources */ = {isa = PBXBuildFile; fileRef = 4015417D218B34E900782486 /* WebServiceResponse.swift */; };
		40154182218B36B200782486 /* String+Localization.swift in Sources */ = {isa = PBXBuildFile; fileRef = 40154181218B36B200782486 /* String+Localization.swift */; };
		40154183218B36B200782486 /* String+Localization.swift in Sources */ = {isa = PBXBuildFile; fileRef = 40154181218B36B200782486 /* String+Localization.swift */; };
		40154185218B378F00782486 /* WebServiceResponseValidator.swift in Sources */ = {isa = PBXBuildFile; fileRef = 40154184218B378F00782486 /* WebServiceResponseValidator.swift */; };
		40154186218B378F00782486 /* WebServiceResponseValidator.swift in Sources */ = {isa = PBXBuildFile; fileRef = 40154184218B378F00782486 /* WebServiceResponseValidator.swift */; };
		40154188218B384300782486 /* Constants.swift in Sources */ = {isa = PBXBuildFile; fileRef = 40154187218B384300782486 /* Constants.swift */; };
		40154189218B384300782486 /* Constants.swift in Sources */ = {isa = PBXBuildFile; fileRef = 40154187218B384300782486 /* Constants.swift */; };
		4015418B218B3E2C00782486 /* BaseNetworkingService.swift in Sources */ = {isa = PBXBuildFile; fileRef = 4015418A218B3E2C00782486 /* BaseNetworkingService.swift */; };
		4015418C218B3E2C00782486 /* BaseNetworkingService.swift in Sources */ = {isa = PBXBuildFile; fileRef = 4015418A218B3E2C00782486 /* BaseNetworkingService.swift */; };
		4015418E218B400600782486 /* Operators.swift in Sources */ = {isa = PBXBuildFile; fileRef = 4015418D218B400600782486 /* Operators.swift */; };
		4015418F218B400600782486 /* Operators.swift in Sources */ = {isa = PBXBuildFile; fileRef = 4015418D218B400600782486 /* Operators.swift */; };
		40154191218B467B00782486 /* NSError+Presets.swift in Sources */ = {isa = PBXBuildFile; fileRef = 40154190218B467B00782486 /* NSError+Presets.swift */; };
		40154192218B467B00782486 /* NSError+Presets.swift in Sources */ = {isa = PBXBuildFile; fileRef = 40154190218B467B00782486 /* NSError+Presets.swift */; };
		40154195218B4B3500782486 /* WebCommand.swift in Sources */ = {isa = PBXBuildFile; fileRef = 40154194218B4B3500782486 /* WebCommand.swift */; };
		40154196218B4B3500782486 /* WebCommand.swift in Sources */ = {isa = PBXBuildFile; fileRef = 40154194218B4B3500782486 /* WebCommand.swift */; };
		40154198218B4CBE00782486 /* WebServiceFactory.swift in Sources */ = {isa = PBXBuildFile; fileRef = 40154197218B4CBE00782486 /* WebServiceFactory.swift */; };
		40154199218B4CBE00782486 /* WebServiceFactory.swift in Sources */ = {isa = PBXBuildFile; fileRef = 40154197218B4CBE00782486 /* WebServiceFactory.swift */; };
		4015419D218B4D9200782486 /* DictionaryBuilder.swift in Sources */ = {isa = PBXBuildFile; fileRef = 4015419C218B4D9200782486 /* DictionaryBuilder.swift */; };
		4015419E218B4D9200782486 /* DictionaryBuilder.swift in Sources */ = {isa = PBXBuildFile; fileRef = 4015419C218B4D9200782486 /* DictionaryBuilder.swift */; };
		401541A0218B4DCB00782486 /* LoginService.swift in Sources */ = {isa = PBXBuildFile; fileRef = 4015419F218B4DCB00782486 /* LoginService.swift */; };
		401541A1218B4DCB00782486 /* LoginService.swift in Sources */ = {isa = PBXBuildFile; fileRef = 4015419F218B4DCB00782486 /* LoginService.swift */; };
		401541A4218B4E8800782486 /* LoginWebModel.swift in Sources */ = {isa = PBXBuildFile; fileRef = 401541A3218B4E8800782486 /* LoginWebModel.swift */; };
		401541A5218B4E8800782486 /* LoginWebModel.swift in Sources */ = {isa = PBXBuildFile; fileRef = 401541A3218B4E8800782486 /* LoginWebModel.swift */; };
		401541A8218C3BCA00782486 /* ShowListService.swift in Sources */ = {isa = PBXBuildFile; fileRef = 401541A7218C3BCA00782486 /* ShowListService.swift */; };
		401541A9218C3BCA00782486 /* ShowListService.swift in Sources */ = {isa = PBXBuildFile; fileRef = 401541A7218C3BCA00782486 /* ShowListService.swift */; };
		401541AB218C3D6D00782486 /* ShowWebModel.swift in Sources */ = {isa = PBXBuildFile; fileRef = 401541AA218C3D6D00782486 /* ShowWebModel.swift */; };
		401541AC218C3D6D00782486 /* ShowWebModel.swift in Sources */ = {isa = PBXBuildFile; fileRef = 401541AA218C3D6D00782486 /* ShowWebModel.swift */; };
		401541AE218C4BBC00782486 /* ShowService.swift in Sources */ = {isa = PBXBuildFile; fileRef = 401541AD218C4BBC00782486 /* ShowService.swift */; };
		401541AF218C4BBC00782486 /* ShowService.swift in Sources */ = {isa = PBXBuildFile; fileRef = 401541AD218C4BBC00782486 /* ShowService.swift */; };
		401541B1218C4F9C00782486 /* EpisodeWebModel.swift in Sources */ = {isa = PBXBuildFile; fileRef = 401541B0218C4F9C00782486 /* EpisodeWebModel.swift */; };
		401541B2218C4F9C00782486 /* EpisodeWebModel.swift in Sources */ = {isa = PBXBuildFile; fileRef = 401541B0218C4F9C00782486 /* EpisodeWebModel.swift */; };
		401541B5218C529900782486 /* EpisodesListService.swift in Sources */ = {isa = PBXBuildFile; fileRef = 401541B4218C529900782486 /* EpisodesListService.swift */; };
		401541B6218C529900782486 /* EpisodesListService.swift in Sources */ = {isa = PBXBuildFile; fileRef = 401541B4218C529900782486 /* EpisodesListService.swift */; };
		401541B8218C671800782486 /* EpisodeService.swift in Sources */ = {isa = PBXBuildFile; fileRef = 401541B7218C671800782486 /* EpisodeService.swift */; };
		401541B9218C671800782486 /* EpisodeService.swift in Sources */ = {isa = PBXBuildFile; fileRef = 401541B7218C671800782486 /* EpisodeService.swift */; };
		401541BB218C6D1F00782486 /* PublishEpisodeService.swift in Sources */ = {isa = PBXBuildFile; fileRef = 401541BA218C6D1F00782486 /* PublishEpisodeService.swift */; };
		401541BC218C6D1F00782486 /* PublishEpisodeService.swift in Sources */ = {isa = PBXBuildFile; fileRef = 401541BA218C6D1F00782486 /* PublishEpisodeService.swift */; };
		401541BF218C7BDB00782486 /* CommentsService.swift in Sources */ = {isa = PBXBuildFile; fileRef = 401541BE218C7BDB00782486 /* CommentsService.swift */; };
		401541C0218C7BDB00782486 /* CommentsService.swift in Sources */ = {isa = PBXBuildFile; fileRef = 401541BE218C7BDB00782486 /* CommentsService.swift */; };
		401541C2218C7BF000782486 /* PublishCommentService.swift in Sources */ = {isa = PBXBuildFile; fileRef = 401541C1218C7BF000782486 /* PublishCommentService.swift */; };
		401541C3218C7BF000782486 /* PublishCommentService.swift in Sources */ = {isa = PBXBuildFile; fileRef = 401541C1218C7BF000782486 /* PublishCommentService.swift */; };
		401541C5218C7D0800782486 /* CommentWebModel.swift in Sources */ = {isa = PBXBuildFile; fileRef = 401541C4218C7D0800782486 /* CommentWebModel.swift */; };
		401541C6218C7D0800782486 /* CommentWebModel.swift in Sources */ = {isa = PBXBuildFile; fileRef = 401541C4218C7D0800782486 /* CommentWebModel.swift */; };
		401541C8218C862600782486 /* MediaService.swift in Sources */ = {isa = PBXBuildFile; fileRef = 401541C7218C862600782486 /* MediaService.swift */; };
		401541C9218C862600782486 /* MediaService.swift in Sources */ = {isa = PBXBuildFile; fileRef = 401541C7218C862600782486 /* MediaService.swift */; };
		401541CB218C863900782486 /* MediaWebModel.swift in Sources */ = {isa = PBXBuildFile; fileRef = 401541CA218C863900782486 /* MediaWebModel.swift */; };
		401541CC218C863900782486 /* MediaWebModel.swift in Sources */ = {isa = PBXBuildFile; fileRef = 401541CA218C863900782486 /* MediaWebModel.swift */; };
		401541CF218DF82500782486 /* Coordinator.swift in Sources */ = {isa = PBXBuildFile; fileRef = 401541CE218DF82500782486 /* Coordinator.swift */; };
		401541D0218DF82500782486 /* Coordinator.swift in Sources */ = {isa = PBXBuildFile; fileRef = 401541CE218DF82500782486 /* Coordinator.swift */; };
		401541D2218DF84800782486 /* ApplicationCoordinator.swift in Sources */ = {isa = PBXBuildFile; fileRef = 401541D1218DF84800782486 /* ApplicationCoordinator.swift */; };
		401541D3218DF84800782486 /* ApplicationCoordinator.swift in Sources */ = {isa = PBXBuildFile; fileRef = 401541D1218DF84800782486 /* ApplicationCoordinator.swift */; };
		401541D5218DFE3800782486 /* UIColor+Presets.swift in Sources */ = {isa = PBXBuildFile; fileRef = 401541D4218DFE3800782486 /* UIColor+Presets.swift */; };
		401541D6218DFE3800782486 /* UIColor+Presets.swift in Sources */ = {isa = PBXBuildFile; fileRef = 401541D4218DFE3800782486 /* UIColor+Presets.swift */; };
		401541D9218E09AD00782486 /* CredentialService.swift in Sources */ = {isa = PBXBuildFile; fileRef = 401541D8218E09AD00782486 /* CredentialService.swift */; };
		401541DA218E09AD00782486 /* CredentialService.swift in Sources */ = {isa = PBXBuildFile; fileRef = 401541D8218E09AD00782486 /* CredentialService.swift */; };
		4047C453218ADC1300599F57 /* AppDelegate.swift in Sources */ = {isa = PBXBuildFile; fileRef = 4047C452218ADC1300599F57 /* AppDelegate.swift */; };
		4047C458218ADC1300599F57 /* Main.storyboard in Resources */ = {isa = PBXBuildFile; fileRef = 4047C456218ADC1300599F57 /* Main.storyboard */; };
		4047C45A218ADC1600599F57 /* Assets.xcassets in Resources */ = {isa = PBXBuildFile; fileRef = 4047C459218ADC1600599F57 /* Assets.xcassets */; };
		4047C45D218ADC1600599F57 /* LaunchScreen.storyboard in Resources */ = {isa = PBXBuildFile; fileRef = 4047C45B218ADC1600599F57 /* LaunchScreen.storyboard */; };
		40557E70218EE99E00635121 /* UIStoryboard+Instantiation.swift in Sources */ = {isa = PBXBuildFile; fileRef = 40557E6F218EE99E00635121 /* UIStoryboard+Instantiation.swift */; };
		40557E71218EE9A100635121 /* UIStoryboard+Instantiation.swift in Sources */ = {isa = PBXBuildFile; fileRef = 40557E6F218EE99E00635121 /* UIStoryboard+Instantiation.swift */; };
		40557E74218EF14B00635121 /* ShowsListViewController.swift in Sources */ = {isa = PBXBuildFile; fileRef = 40557E73218EF14B00635121 /* ShowsListViewController.swift */; };
		40557E75218EF14B00635121 /* ShowsListViewController.swift in Sources */ = {isa = PBXBuildFile; fileRef = 40557E73218EF14B00635121 /* ShowsListViewController.swift */; };
		40557E77218EF19000635121 /* ShowsListCoordinator.swift in Sources */ = {isa = PBXBuildFile; fileRef = 40557E76218EF19000635121 /* ShowsListCoordinator.swift */; };
		40557E78218EF19000635121 /* ShowsListCoordinator.swift in Sources */ = {isa = PBXBuildFile; fileRef = 40557E76218EF19000635121 /* ShowsListCoordinator.swift */; };
		40557E7A218EF1E500635121 /* ShowsListInteractor.swift in Sources */ = {isa = PBXBuildFile; fileRef = 40557E79218EF1E500635121 /* ShowsListInteractor.swift */; };
		40557E7B218EF1E500635121 /* ShowsListInteractor.swift in Sources */ = {isa = PBXBuildFile; fileRef = 40557E79218EF1E500635121 /* ShowsListInteractor.swift */; };
		40A75DBE218F445100AACEB6 /* UIViewController+Progress.swift in Sources */ = {isa = PBXBuildFile; fileRef = 40A75DBD218F445100AACEB6 /* UIViewController+Progress.swift */; };
		40A75DBF218F445100AACEB6 /* UIViewController+Progress.swift in Sources */ = {isa = PBXBuildFile; fileRef = 40A75DBD218F445100AACEB6 /* UIViewController+Progress.swift */; };
		40A75DC1218F461D00AACEB6 /* UIViewController+Alerts.swift in Sources */ = {isa = PBXBuildFile; fileRef = 40A75DC0218F461D00AACEB6 /* UIViewController+Alerts.swift */; };
		40A75DC2218F461D00AACEB6 /* UIViewController+Alerts.swift in Sources */ = {isa = PBXBuildFile; fileRef = 40A75DC0218F461D00AACEB6 /* UIViewController+Alerts.swift */; };
		40A75DC5218F508C00AACEB6 /* AuthorizationService.swift in Sources */ = {isa = PBXBuildFile; fileRef = 40A75DC4218F508C00AACEB6 /* AuthorizationService.swift */; };
		40A75DC6218F508C00AACEB6 /* AuthorizationService.swift in Sources */ = {isa = PBXBuildFile; fileRef = 40A75DC4218F508C00AACEB6 /* AuthorizationService.swift */; };
		40A75DC8218F6CCB00AACEB6 /* UIImage+Color.swift in Sources */ = {isa = PBXBuildFile; fileRef = 40A75DC7218F6CCB00AACEB6 /* UIImage+Color.swift */; };
		40A75DC9218F6CCB00AACEB6 /* UIImage+Color.swift in Sources */ = {isa = PBXBuildFile; fileRef = 40A75DC7218F6CCB00AACEB6 /* UIImage+Color.swift */; };
		40A75DCB218F78DA00AACEB6 /* ShowListTableViewCell.swift in Sources */ = {isa = PBXBuildFile; fileRef = 40A75DCA218F78DA00AACEB6 /* ShowListTableViewCell.swift */; };
		40A75DCC218F78DA00AACEB6 /* ShowListTableViewCell.swift in Sources */ = {isa = PBXBuildFile; fileRef = 40A75DCA218F78DA00AACEB6 /* ShowListTableViewCell.swift */; };
		40A75DD12190236300AACEB6 /* UIImage+Presets.swift in Sources */ = {isa = PBXBuildFile; fileRef = 40A75DD02190236300AACEB6 /* UIImage+Presets.swift */; };
		40A75DD22190236300AACEB6 /* UIImage+Presets.swift in Sources */ = {isa = PBXBuildFile; fileRef = 40A75DD02190236300AACEB6 /* UIImage+Presets.swift */; };
		40A75DD421903F5000AACEB6 /* UITableView+Dequeue.swift in Sources */ = {isa = PBXBuildFile; fileRef = 40A75DD321903F5000AACEB6 /* UITableView+Dequeue.swift */; };
		40A75DD521903F5000AACEB6 /* UITableView+Dequeue.swift in Sources */ = {isa = PBXBuildFile; fileRef = 40A75DD321903F5000AACEB6 /* UITableView+Dequeue.swift */; };
		40A75DDB2190586900AACEB6 /* ShowDetailsViewController.swift in Sources */ = {isa = PBXBuildFile; fileRef = 40A75DDA2190586900AACEB6 /* ShowDetailsViewController.swift */; };
		40A75DDC2190586900AACEB6 /* ShowDetailsViewController.swift in Sources */ = {isa = PBXBuildFile; fileRef = 40A75DDA2190586900AACEB6 /* ShowDetailsViewController.swift */; };
		40A75DDE2190588300AACEB6 /* ShowDetailsCoordinator.swift in Sources */ = {isa = PBXBuildFile; fileRef = 40A75DDD2190588300AACEB6 /* ShowDetailsCoordinator.swift */; };
		40A75DDF2190588300AACEB6 /* ShowDetailsCoordinator.swift in Sources */ = {isa = PBXBuildFile; fileRef = 40A75DDD2190588300AACEB6 /* ShowDetailsCoordinator.swift */; };
		40A75DE12190589F00AACEB6 /* ShowDetailsInteractor.swift in Sources */ = {isa = PBXBuildFile; fileRef = 40A75DE02190589F00AACEB6 /* ShowDetailsInteractor.swift */; };
		40A75DE22190589F00AACEB6 /* ShowDetailsInteractor.swift in Sources */ = {isa = PBXBuildFile; fileRef = 40A75DE02190589F00AACEB6 /* ShowDetailsInteractor.swift */; };
		40A75DE52190644E00AACEB6 /* EpisodeCell.swift in Sources */ = {isa = PBXBuildFile; fileRef = 40A75DE42190644E00AACEB6 /* EpisodeCell.swift */; };
		40A75DE62190644E00AACEB6 /* EpisodeCell.swift in Sources */ = {isa = PBXBuildFile; fileRef = 40A75DE42190644E00AACEB6 /* EpisodeCell.swift */; };
		40A75DE82190648400AACEB6 /* EpisodeCounterCell.swift in Sources */ = {isa = PBXBuildFile; fileRef = 40A75DE72190648400AACEB6 /* EpisodeCounterCell.swift */; };
		40A75DE92190648400AACEB6 /* EpisodeCounterCell.swift in Sources */ = {isa = PBXBuildFile; fileRef = 40A75DE72190648400AACEB6 /* EpisodeCounterCell.swift */; };
		40A75DEB219064AF00AACEB6 /* ShowDescriptionCell.swift in Sources */ = {isa = PBXBuildFile; fileRef = 40A75DEA219064AF00AACEB6 /* ShowDescriptionCell.swift */; };
		40A75DEC219064AF00AACEB6 /* ShowDescriptionCell.swift in Sources */ = {isa = PBXBuildFile; fileRef = 40A75DEA219064AF00AACEB6 /* ShowDescriptionCell.swift */; };
		40A75DEF219067A500AACEB6 /* CommonCell.swift in Sources */ = {isa = PBXBuildFile; fileRef = 40A75DEE219067A500AACEB6 /* CommonCell.swift */; };
		40A75DF0219067A500AACEB6 /* CommonCell.swift in Sources */ = {isa = PBXBuildFile; fileRef = 40A75DEE219067A500AACEB6 /* CommonCell.swift */; };
		C80752478763291BE3266F61 /* Pods_TVShows.framework in Frameworks */ = {isa = PBXBuildFile; fileRef = 640C6D1FD14D4959E5236ABF /* Pods_TVShows.framework */; };
/* End PBXBuildFile section */

/* Begin PBXFileReference section */
		066352290CB0D718E02680CA /* Pods-TVShows (Dev).debug.xcconfig */ = {isa = PBXFileReference; includeInIndex = 1; lastKnownFileType = text.xcconfig; name = "Pods-TVShows (Dev).debug.xcconfig"; path = "Pods/Target Support Files/Pods-TVShows (Dev)/Pods-TVShows (Dev).debug.xcconfig"; sourceTree = "<group>"; };
		4005431F218EE3000023DA3E /* LoginViewController.swift */ = {isa = PBXFileReference; lastKnownFileType = sourcecode.swift; path = LoginViewController.swift; sourceTree = "<group>"; };
		40054322218EE32E0023DA3E /* LoginInteractor.swift */ = {isa = PBXFileReference; lastKnownFileType = sourcecode.swift; path = LoginInteractor.swift; sourceTree = "<group>"; };
		40054325218EE3540023DA3E /* LoginCoordinator.swift */ = {isa = PBXFileReference; lastKnownFileType = sourcecode.swift; path = LoginCoordinator.swift; sourceTree = "<group>"; };
		4015414B218AE92200782486 /* TVShows (Dev).app */ = {isa = PBXFileReference; explicitFileType = wrapper.application; includeInIndex = 0; path = "TVShows (Dev).app"; sourceTree = BUILT_PRODUCTS_DIR; };
		4015414C218AE92300782486 /* TVShows-Dev.plist */ = {isa = PBXFileReference; lastKnownFileType = text.plist.xml; name = "TVShows-Dev.plist"; path = "/Users/fantom/Desktop/TVShows/TVShows/TVShows-Dev.plist"; sourceTree = "<absolute>"; };
		40154152218AED0D00782486 /* TVShow.xcconfig */ = {isa = PBXFileReference; lastKnownFileType = text.xcconfig; path = TVShow.xcconfig; sourceTree = "<group>"; };
		40154155218AEDC800782486 /* TVShowDev.xcconfig */ = {isa = PBXFileReference; lastKnownFileType = text.xcconfig; path = TVShowDev.xcconfig; sourceTree = "<group>"; };
		40154158218AEDE800782486 /* TVShow_Debug.xcconfig */ = {isa = PBXFileReference; lastKnownFileType = text.xcconfig; path = TVShow_Debug.xcconfig; sourceTree = "<group>"; };
		4015415B218AEDFD00782486 /* TVShow_Release.xcconfig */ = {isa = PBXFileReference; lastKnownFileType = text.xcconfig; path = TVShow_Release.xcconfig; sourceTree = "<group>"; };
		4015415E218AEE1B00782486 /* TVShowDev_Debug.xcconfig */ = {isa = PBXFileReference; lastKnownFileType = text.xcconfig; path = TVShowDev_Debug.xcconfig; sourceTree = "<group>"; };
		40154161218AEE3A00782486 /* TVShowDev_Release.xcconfig */ = {isa = PBXFileReference; lastKnownFileType = text.xcconfig; path = TVShowDev_Release.xcconfig; sourceTree = "<group>"; };
		40154167218AEFB600782486 /* APICallsConfigurations.plist */ = {isa = PBXFileReference; lastKnownFileType = text.plist.xml; path = APICallsConfigurations.plist; sourceTree = "<group>"; };
		4015416A218AF58D00782486 /* Version.xcconfig */ = {isa = PBXFileReference; lastKnownFileType = text.xcconfig; path = Version.xcconfig; sourceTree = "<group>"; };
		40154171218B210400782486 /* WebConfiguration.swift */ = {isa = PBXFileReference; lastKnownFileType = sourcecode.swift; path = WebConfiguration.swift; sourceTree = "<group>"; };
		40154174218B238500782486 /* ApplicationBuildConfig.swift */ = {isa = PBXFileReference; lastKnownFileType = sourcecode.swift; path = ApplicationBuildConfig.swift; sourceTree = "<group>"; };
		40154177218B329C00782486 /* WebService.swift */ = {isa = PBXFileReference; lastKnownFileType = sourcecode.swift; path = WebService.swift; sourceTree = "<group>"; };
		4015417A218B349200782486 /* WebServiceRequest.swift */ = {isa = PBXFileReference; lastKnownFileType = sourcecode.swift; path = WebServiceRequest.swift; sourceTree = "<group>"; };
		4015417D218B34E900782486 /* WebServiceResponse.swift */ = {isa = PBXFileReference; lastKnownFileType = sourcecode.swift; path = WebServiceResponse.swift; sourceTree = "<group>"; };
		40154181218B36B200782486 /* String+Localization.swift */ = {isa = PBXFileReference; lastKnownFileType = sourcecode.swift; path = "String+Localization.swift"; sourceTree = "<group>"; };
		40154184218B378F00782486 /* WebServiceResponseValidator.swift */ = {isa = PBXFileReference; lastKnownFileType = sourcecode.swift; path = WebServiceResponseValidator.swift; sourceTree = "<group>"; };
		40154187218B384300782486 /* Constants.swift */ = {isa = PBXFileReference; lastKnownFileType = sourcecode.swift; path = Constants.swift; sourceTree = "<group>"; };
		4015418A218B3E2C00782486 /* BaseNetworkingService.swift */ = {isa = PBXFileReference; lastKnownFileType = sourcecode.swift; path = BaseNetworkingService.swift; sourceTree = "<group>"; };
		4015418D218B400600782486 /* Operators.swift */ = {isa = PBXFileReference; lastKnownFileType = sourcecode.swift; path = Operators.swift; sourceTree = "<group>"; };
		40154190218B467B00782486 /* NSError+Presets.swift */ = {isa = PBXFileReference; lastKnownFileType = sourcecode.swift; path = "NSError+Presets.swift"; sourceTree = "<group>"; };
		40154194218B4B3500782486 /* WebCommand.swift */ = {isa = PBXFileReference; lastKnownFileType = sourcecode.swift; path = WebCommand.swift; sourceTree = "<group>"; };
		40154197218B4CBE00782486 /* WebServiceFactory.swift */ = {isa = PBXFileReference; lastKnownFileType = sourcecode.swift; path = WebServiceFactory.swift; sourceTree = "<group>"; };
		4015419C218B4D9200782486 /* DictionaryBuilder.swift */ = {isa = PBXFileReference; lastKnownFileType = sourcecode.swift; path = DictionaryBuilder.swift; sourceTree = "<group>"; };
		4015419F218B4DCB00782486 /* LoginService.swift */ = {isa = PBXFileReference; lastKnownFileType = sourcecode.swift; path = LoginService.swift; sourceTree = "<group>"; };
		401541A3218B4E8800782486 /* LoginWebModel.swift */ = {isa = PBXFileReference; lastKnownFileType = sourcecode.swift; path = LoginWebModel.swift; sourceTree = "<group>"; };
		401541A7218C3BCA00782486 /* ShowListService.swift */ = {isa = PBXFileReference; lastKnownFileType = sourcecode.swift; path = ShowListService.swift; sourceTree = "<group>"; };
		401541AA218C3D6D00782486 /* ShowWebModel.swift */ = {isa = PBXFileReference; lastKnownFileType = sourcecode.swift; path = ShowWebModel.swift; sourceTree = "<group>"; };
		401541AD218C4BBC00782486 /* ShowService.swift */ = {isa = PBXFileReference; lastKnownFileType = sourcecode.swift; path = ShowService.swift; sourceTree = "<group>"; };
		401541B0218C4F9C00782486 /* EpisodeWebModel.swift */ = {isa = PBXFileReference; lastKnownFileType = sourcecode.swift; path = EpisodeWebModel.swift; sourceTree = "<group>"; };
		401541B4218C529900782486 /* EpisodesListService.swift */ = {isa = PBXFileReference; lastKnownFileType = sourcecode.swift; path = EpisodesListService.swift; sourceTree = "<group>"; };
		401541B7218C671800782486 /* EpisodeService.swift */ = {isa = PBXFileReference; lastKnownFileType = sourcecode.swift; path = EpisodeService.swift; sourceTree = "<group>"; };
		401541BA218C6D1F00782486 /* PublishEpisodeService.swift */ = {isa = PBXFileReference; lastKnownFileType = sourcecode.swift; path = PublishEpisodeService.swift; sourceTree = "<group>"; };
		401541BE218C7BDB00782486 /* CommentsService.swift */ = {isa = PBXFileReference; lastKnownFileType = sourcecode.swift; path = CommentsService.swift; sourceTree = "<group>"; };
		401541C1218C7BF000782486 /* PublishCommentService.swift */ = {isa = PBXFileReference; lastKnownFileType = sourcecode.swift; path = PublishCommentService.swift; sourceTree = "<group>"; };
		401541C4218C7D0800782486 /* CommentWebModel.swift */ = {isa = PBXFileReference; lastKnownFileType = sourcecode.swift; path = CommentWebModel.swift; sourceTree = "<group>"; };
		401541C7218C862600782486 /* MediaService.swift */ = {isa = PBXFileReference; lastKnownFileType = sourcecode.swift; path = MediaService.swift; sourceTree = "<group>"; };
		401541CA218C863900782486 /* MediaWebModel.swift */ = {isa = PBXFileReference; lastKnownFileType = sourcecode.swift; path = MediaWebModel.swift; sourceTree = "<group>"; };
		401541CE218DF82500782486 /* Coordinator.swift */ = {isa = PBXFileReference; lastKnownFileType = sourcecode.swift; path = Coordinator.swift; sourceTree = "<group>"; };
		401541D1218DF84800782486 /* ApplicationCoordinator.swift */ = {isa = PBXFileReference; lastKnownFileType = sourcecode.swift; path = ApplicationCoordinator.swift; sourceTree = "<group>"; };
		401541D4218DFE3800782486 /* UIColor+Presets.swift */ = {isa = PBXFileReference; lastKnownFileType = sourcecode.swift; path = "UIColor+Presets.swift"; sourceTree = "<group>"; };
		401541D8218E09AD00782486 /* CredentialService.swift */ = {isa = PBXFileReference; lastKnownFileType = sourcecode.swift; path = CredentialService.swift; sourceTree = "<group>"; };
		4047C44F218ADC1300599F57 /* TVShows.app */ = {isa = PBXFileReference; explicitFileType = wrapper.application; includeInIndex = 0; path = TVShows.app; sourceTree = BUILT_PRODUCTS_DIR; };
		4047C452218ADC1300599F57 /* AppDelegate.swift */ = {isa = PBXFileReference; lastKnownFileType = sourcecode.swift; path = AppDelegate.swift; sourceTree = "<group>"; };
		4047C457218ADC1300599F57 /* Base */ = {isa = PBXFileReference; lastKnownFileType = file.storyboard; name = Base; path = Base.lproj/Main.storyboard; sourceTree = "<group>"; };
		4047C459218ADC1600599F57 /* Assets.xcassets */ = {isa = PBXFileReference; lastKnownFileType = folder.assetcatalog; path = Assets.xcassets; sourceTree = "<group>"; };
		4047C45C218ADC1600599F57 /* Base */ = {isa = PBXFileReference; lastKnownFileType = file.storyboard; name = Base; path = Base.lproj/LaunchScreen.storyboard; sourceTree = "<group>"; };
		4047C45E218ADC1600599F57 /* TVShows.plist */ = {isa = PBXFileReference; lastKnownFileType = text.plist.xml; path = TVShows.plist; sourceTree = "<group>"; };
		40557E6F218EE99E00635121 /* UIStoryboard+Instantiation.swift */ = {isa = PBXFileReference; lastKnownFileType = sourcecode.swift; path = "UIStoryboard+Instantiation.swift"; sourceTree = "<group>"; };
		40557E73218EF14B00635121 /* ShowsListViewController.swift */ = {isa = PBXFileReference; lastKnownFileType = sourcecode.swift; path = ShowsListViewController.swift; sourceTree = "<group>"; };
		40557E76218EF19000635121 /* ShowsListCoordinator.swift */ = {isa = PBXFileReference; lastKnownFileType = sourcecode.swift; path = ShowsListCoordinator.swift; sourceTree = "<group>"; };
		40557E79218EF1E500635121 /* ShowsListInteractor.swift */ = {isa = PBXFileReference; lastKnownFileType = sourcecode.swift; path = ShowsListInteractor.swift; sourceTree = "<group>"; };
		40A75DBD218F445100AACEB6 /* UIViewController+Progress.swift */ = {isa = PBXFileReference; lastKnownFileType = sourcecode.swift; path = "UIViewController+Progress.swift"; sourceTree = "<group>"; };
		40A75DC0218F461D00AACEB6 /* UIViewController+Alerts.swift */ = {isa = PBXFileReference; lastKnownFileType = sourcecode.swift; path = "UIViewController+Alerts.swift"; sourceTree = "<group>"; };
		40A75DC4218F508C00AACEB6 /* AuthorizationService.swift */ = {isa = PBXFileReference; lastKnownFileType = sourcecode.swift; path = AuthorizationService.swift; sourceTree = "<group>"; };
		40A75DC7218F6CCB00AACEB6 /* UIImage+Color.swift */ = {isa = PBXFileReference; lastKnownFileType = sourcecode.swift; path = "UIImage+Color.swift"; sourceTree = "<group>"; };
		40A75DCA218F78DA00AACEB6 /* ShowListTableViewCell.swift */ = {isa = PBXFileReference; lastKnownFileType = sourcecode.swift; path = ShowListTableViewCell.swift; sourceTree = "<group>"; };
		40A75DD02190236300AACEB6 /* UIImage+Presets.swift */ = {isa = PBXFileReference; lastKnownFileType = sourcecode.swift; path = "UIImage+Presets.swift"; sourceTree = "<group>"; };
		40A75DD321903F5000AACEB6 /* UITableView+Dequeue.swift */ = {isa = PBXFileReference; lastKnownFileType = sourcecode.swift; path = "UITableView+Dequeue.swift"; sourceTree = "<group>"; };
		40A75DDA2190586900AACEB6 /* ShowDetailsViewController.swift */ = {isa = PBXFileReference; lastKnownFileType = sourcecode.swift; path = ShowDetailsViewController.swift; sourceTree = "<group>"; };
		40A75DDD2190588300AACEB6 /* ShowDetailsCoordinator.swift */ = {isa = PBXFileReference; lastKnownFileType = sourcecode.swift; path = ShowDetailsCoordinator.swift; sourceTree = "<group>"; };
		40A75DE02190589F00AACEB6 /* ShowDetailsInteractor.swift */ = {isa = PBXFileReference; lastKnownFileType = sourcecode.swift; path = ShowDetailsInteractor.swift; sourceTree = "<group>"; };
		40A75DE42190644E00AACEB6 /* EpisodeCell.swift */ = {isa = PBXFileReference; lastKnownFileType = sourcecode.swift; path = EpisodeCell.swift; sourceTree = "<group>"; };
		40A75DE72190648400AACEB6 /* EpisodeCounterCell.swift */ = {isa = PBXFileReference; lastKnownFileType = sourcecode.swift; path = EpisodeCounterCell.swift; sourceTree = "<group>"; };
		40A75DEA219064AF00AACEB6 /* ShowDescriptionCell.swift */ = {isa = PBXFileReference; lastKnownFileType = sourcecode.swift; path = ShowDescriptionCell.swift; sourceTree = "<group>"; };
		40A75DEE219067A500AACEB6 /* CommonCell.swift */ = {isa = PBXFileReference; lastKnownFileType = sourcecode.swift; path = CommonCell.swift; sourceTree = "<group>"; };
		59C7C0B0FE41EF731FFF87B5 /* Pods_TVShows__Dev_.framework */ = {isa = PBXFileReference; explicitFileType = wrapper.framework; includeInIndex = 0; path = Pods_TVShows__Dev_.framework; sourceTree = BUILT_PRODUCTS_DIR; };
		640C6D1FD14D4959E5236ABF /* Pods_TVShows.framework */ = {isa = PBXFileReference; explicitFileType = wrapper.framework; includeInIndex = 0; path = Pods_TVShows.framework; sourceTree = BUILT_PRODUCTS_DIR; };
		680B45AFEB70C9D2D5C8146C /* Pods-TVShows.release.xcconfig */ = {isa = PBXFileReference; includeInIndex = 1; lastKnownFileType = text.xcconfig; name = "Pods-TVShows.release.xcconfig"; path = "Pods/Target Support Files/Pods-TVShows/Pods-TVShows.release.xcconfig"; sourceTree = "<group>"; };
		8609DD64C1CA4B86CE0D566B /* Pods-TVShows (Dev).release.xcconfig */ = {isa = PBXFileReference; includeInIndex = 1; lastKnownFileType = text.xcconfig; name = "Pods-TVShows (Dev).release.xcconfig"; path = "Pods/Target Support Files/Pods-TVShows (Dev)/Pods-TVShows (Dev).release.xcconfig"; sourceTree = "<group>"; };
		E295D51A5B583AD8B08F7CCE /* Pods-TVShows.debug.xcconfig */ = {isa = PBXFileReference; includeInIndex = 1; lastKnownFileType = text.xcconfig; name = "Pods-TVShows.debug.xcconfig"; path = "Pods/Target Support Files/Pods-TVShows/Pods-TVShows.debug.xcconfig"; sourceTree = "<group>"; };
/* End PBXFileReference section */

/* Begin PBXFrameworksBuildPhase section */
		40154143218AE92200782486 /* Frameworks */ = {
			isa = PBXFrameworksBuildPhase;
			buildActionMask = 2147483647;
			files = (
				3105578E7C0F18C8F72918B1 /* Pods_TVShows__Dev_.framework in Frameworks */,
			);
			runOnlyForDeploymentPostprocessing = 0;
		};
		4047C44C218ADC1300599F57 /* Frameworks */ = {
			isa = PBXFrameworksBuildPhase;
			buildActionMask = 2147483647;
			files = (
				C80752478763291BE3266F61 /* Pods_TVShows.framework in Frameworks */,
			);
			runOnlyForDeploymentPostprocessing = 0;
		};
/* End PBXFrameworksBuildPhase section */

/* Begin PBXGroup section */
		2905246874C2366615D46674 /* Frameworks */ = {
			isa = PBXGroup;
			children = (
				640C6D1FD14D4959E5236ABF /* Pods_TVShows.framework */,
				59C7C0B0FE41EF731FFF87B5 /* Pods_TVShows__Dev_.framework */,
			);
			name = Frameworks;
			sourceTree = "<group>";
		};
		4005431D218EE2B70023DA3E /* Modules */ = {
			isa = PBXGroup;
			children = (
				40A75DF22190E32300AACEB6 /* Episode */,
				40A75DD9219057AF00AACEB6 /* ShowDetails */,
				40557E72218EF11B00635121 /* ShowsList */,
				4005431E218EE2C20023DA3E /* Login */,
			);
			path = Modules;
			sourceTree = "<group>";
		};
		4005431E218EE2C20023DA3E /* Login */ = {
			isa = PBXGroup;
			children = (
				4005431F218EE3000023DA3E /* LoginViewController.swift */,
				40054322218EE32E0023DA3E /* LoginInteractor.swift */,
				40054325218EE3540023DA3E /* LoginCoordinator.swift */,
			);
			path = Login;
			sourceTree = "<group>";
		};
		4015414D218AEC3500782486 /* SupportingFiles */ = {
			isa = PBXGroup;
			children = (
				4047C45E218ADC1600599F57 /* TVShows.plist */,
				4015414C218AE92300782486 /* TVShows-Dev.plist */,
				4015416A218AF58D00782486 /* Version.xcconfig */,
			);
			path = SupportingFiles;
			sourceTree = "<group>";
		};
		4015414E218AEC5500782486 /* Resources */ = {
			isa = PBXGroup;
			children = (
				4047C459218ADC1600599F57 /* Assets.xcassets */,
			);
			path = Resources;
			sourceTree = "<group>";
		};
		4015414F218AEC7A00782486 /* Configurations */ = {
			isa = PBXGroup;
			children = (
				40154151218AECBA00782486 /* Release */,
				40154150218AEC8A00782486 /* Develop */,
			);
			path = Configurations;
			sourceTree = "<group>";
		};
		40154150218AEC8A00782486 /* Develop */ = {
			isa = PBXGroup;
			children = (
				40154155218AEDC800782486 /* TVShowDev.xcconfig */,
				4015415E218AEE1B00782486 /* TVShowDev_Debug.xcconfig */,
				40154161218AEE3A00782486 /* TVShowDev_Release.xcconfig */,
			);
			path = Develop;
			sourceTree = "<group>";
		};
		40154151218AECBA00782486 /* Release */ = {
			isa = PBXGroup;
			children = (
				40154152218AED0D00782486 /* TVShow.xcconfig */,
				40154158218AEDE800782486 /* TVShow_Debug.xcconfig */,
				4015415B218AEDFD00782486 /* TVShow_Release.xcconfig */,
			);
			path = Release;
			sourceTree = "<group>";
		};
		40154164218AEF5A00782486 /* Services */ = {
			isa = PBXGroup;
			children = (
				40A75DC3218F505F00AACEB6 /* Authentication */,
				401541D7218E096A00782486 /* Credential */,
				40154165218AEF6200782486 /* Network */,
			);
			path = Services;
			sourceTree = "<group>";
		};
		40154165218AEF6200782486 /* Network */ = {
			isa = PBXGroup;
			children = (
				401541A2218B4E5D00782486 /* Models */,
				40154193218B4ABC00782486 /* WebServices */,
				40154166218AEF7000782486 /* Configuration */,
				40154177218B329C00782486 /* WebService.swift */,
				4015417A218B349200782486 /* WebServiceRequest.swift */,
				4015417D218B34E900782486 /* WebServiceResponse.swift */,
				40154184218B378F00782486 /* WebServiceResponseValidator.swift */,
				4015418A218B3E2C00782486 /* BaseNetworkingService.swift */,
			);
			path = Network;
			sourceTree = "<group>";
		};
		40154166218AEF7000782486 /* Configuration */ = {
			isa = PBXGroup;
			children = (
				40154167218AEFB600782486 /* APICallsConfigurations.plist */,
				40154171218B210400782486 /* WebConfiguration.swift */,
				40154174218B238500782486 /* ApplicationBuildConfig.swift */,
			);
			path = Configuration;
			sourceTree = "<group>";
		};
		4015416F218AF97800782486 /* Application */ = {
			isa = PBXGroup;
			children = (
				401541CD218DF7F400782486 /* Coordinator */,
				4047C452218ADC1300599F57 /* AppDelegate.swift */,
				40154187218B384300782486 /* Constants.swift */,
			);
			path = Application;
			sourceTree = "<group>";
		};
		40154170218AF9E600782486 /* UI */ = {
			isa = PBXGroup;
			children = (
				4047C45B218ADC1600599F57 /* LaunchScreen.storyboard */,
				4047C456218ADC1300599F57 /* Main.storyboard */,
			);
			path = UI;
			sourceTree = "<group>";
		};
		40154180218B366900782486 /* Extensions */ = {
			isa = PBXGroup;
			children = (
				40154181218B36B200782486 /* String+Localization.swift */,
				4015418D218B400600782486 /* Operators.swift */,
				40154190218B467B00782486 /* NSError+Presets.swift */,
				401541D4218DFE3800782486 /* UIColor+Presets.swift */,
				40557E6F218EE99E00635121 /* UIStoryboard+Instantiation.swift */,
				40A75DBD218F445100AACEB6 /* UIViewController+Progress.swift */,
				40A75DC0218F461D00AACEB6 /* UIViewController+Alerts.swift */,
				40A75DC7218F6CCB00AACEB6 /* UIImage+Color.swift */,
				40A75DD02190236300AACEB6 /* UIImage+Presets.swift */,
				40A75DD321903F5000AACEB6 /* UITableView+Dequeue.swift */,
			);
			path = Extensions;
			sourceTree = "<group>";
		};
		40154193218B4ABC00782486 /* WebServices */ = {
			isa = PBXGroup;
			children = (
				401541BD218C7B8000782486 /* Comments */,
				401541B3218C527000782486 /* Episode */,
				401541A6218C3BA600782486 /* Shows */,
				4015419A218B4D1C00782486 /* Login */,
				40154194218B4B3500782486 /* WebCommand.swift */,
				40154197218B4CBE00782486 /* WebServiceFactory.swift */,
			);
			path = WebServices;
			sourceTree = "<group>";
		};
		4015419A218B4D1C00782486 /* Login */ = {
			isa = PBXGroup;
			children = (
				4015419F218B4DCB00782486 /* LoginService.swift */,
			);
			path = Login;
			sourceTree = "<group>";
		};
		4015419B218B4D7900782486 /* Helpers */ = {
			isa = PBXGroup;
			children = (
				4015419C218B4D9200782486 /* DictionaryBuilder.swift */,
			);
			path = Helpers;
			sourceTree = "<group>";
		};
		401541A2218B4E5D00782486 /* Models */ = {
			isa = PBXGroup;
			children = (
				401541A3218B4E8800782486 /* LoginWebModel.swift */,
				401541AA218C3D6D00782486 /* ShowWebModel.swift */,
				401541B0218C4F9C00782486 /* EpisodeWebModel.swift */,
				401541C4218C7D0800782486 /* CommentWebModel.swift */,
				401541CA218C863900782486 /* MediaWebModel.swift */,
			);
			path = Models;
			sourceTree = "<group>";
		};
		401541A6218C3BA600782486 /* Shows */ = {
			isa = PBXGroup;
			children = (
				401541A7218C3BCA00782486 /* ShowListService.swift */,
				401541AD218C4BBC00782486 /* ShowService.swift */,
			);
			path = Shows;
			sourceTree = "<group>";
		};
		401541B3218C527000782486 /* Episode */ = {
			isa = PBXGroup;
			children = (
				401541B4218C529900782486 /* EpisodesListService.swift */,
				401541B7218C671800782486 /* EpisodeService.swift */,
				401541BA218C6D1F00782486 /* PublishEpisodeService.swift */,
				401541C7218C862600782486 /* MediaService.swift */,
			);
			path = Episode;
			sourceTree = "<group>";
		};
		401541BD218C7B8000782486 /* Comments */ = {
			isa = PBXGroup;
			children = (
				401541BE218C7BDB00782486 /* CommentsService.swift */,
				401541C1218C7BF000782486 /* PublishCommentService.swift */,
			);
			path = Comments;
			sourceTree = "<group>";
		};
		401541CD218DF7F400782486 /* Coordinator */ = {
			isa = PBXGroup;
			children = (
				401541CE218DF82500782486 /* Coordinator.swift */,
				401541D1218DF84800782486 /* ApplicationCoordinator.swift */,
			);
			path = Coordinator;
			sourceTree = "<group>";
		};
		401541D7218E096A00782486 /* Credential */ = {
			isa = PBXGroup;
			children = (
				401541D8218E09AD00782486 /* CredentialService.swift */,
			);
			path = Credential;
			sourceTree = "<group>";
		};
		4047C446218ADC1300599F57 = {
			isa = PBXGroup;
			children = (
				4047C451218ADC1300599F57 /* TVShows */,
				4047C450218ADC1300599F57 /* Products */,
				4D3CD1B92266594522909D77 /* Pods */,
				2905246874C2366615D46674 /* Frameworks */,
			);
			sourceTree = "<group>";
		};
		4047C450218ADC1300599F57 /* Products */ = {
			isa = PBXGroup;
			children = (
				4047C44F218ADC1300599F57 /* TVShows.app */,
				4015414B218AE92200782486 /* TVShows (Dev).app */,
			);
			name = Products;
			sourceTree = "<group>";
		};
		4047C451218ADC1300599F57 /* TVShows */ = {
			isa = PBXGroup;
			children = (
				40A75DED2190677800AACEB6 /* Common */,
				4005431D218EE2B70023DA3E /* Modules */,
				4015419B218B4D7900782486 /* Helpers */,
				40154180218B366900782486 /* Extensions */,
				40154170218AF9E600782486 /* UI */,
				4015416F218AF97800782486 /* Application */,
				40154164218AEF5A00782486 /* Services */,
				4015414F218AEC7A00782486 /* Configurations */,
				4015414E218AEC5500782486 /* Resources */,
				4015414D218AEC3500782486 /* SupportingFiles */,
			);
			path = TVShows;
			sourceTree = "<group>";
		};
		40557E72218EF11B00635121 /* ShowsList */ = {
			isa = PBXGroup;
			children = (
				40557E73218EF14B00635121 /* ShowsListViewController.swift */,
				40557E76218EF19000635121 /* ShowsListCoordinator.swift */,
				40557E79218EF1E500635121 /* ShowsListInteractor.swift */,
				40A75DCA218F78DA00AACEB6 /* ShowListTableViewCell.swift */,
			);
			path = ShowsList;
			sourceTree = "<group>";
		};
		40A75DC3218F505F00AACEB6 /* Authentication */ = {
			isa = PBXGroup;
			children = (
				40A75DC4218F508C00AACEB6 /* AuthorizationService.swift */,
			);
			path = Authentication;
			sourceTree = "<group>";
		};
		40A75DD9219057AF00AACEB6 /* ShowDetails */ = {
			isa = PBXGroup;
			children = (
				40A75DE32190622B00AACEB6 /* Cells */,
				40A75DDA2190586900AACEB6 /* ShowDetailsViewController.swift */,
				40A75DDD2190588300AACEB6 /* ShowDetailsCoordinator.swift */,
				40A75DE02190589F00AACEB6 /* ShowDetailsInteractor.swift */,
			);
			path = ShowDetails;
			sourceTree = "<group>";
		};
		40A75DE32190622B00AACEB6 /* Cells */ = {
			isa = PBXGroup;
			children = (
				40A75DE42190644E00AACEB6 /* EpisodeCell.swift */,
				40A75DE72190648400AACEB6 /* EpisodeCounterCell.swift */,
				40A75DEA219064AF00AACEB6 /* ShowDescriptionCell.swift */,
			);
			path = Cells;
			sourceTree = "<group>";
		};
		40A75DED2190677800AACEB6 /* Common */ = {
			isa = PBXGroup;
			children = (
				40A75DEE219067A500AACEB6 /* CommonCell.swift */,
			);
			path = Common;
			sourceTree = "<group>";
		};
		40A75DF22190E32300AACEB6 /* Episode */ = {
			isa = PBXGroup;
			children = (
			);
			path = Episode;
			sourceTree = "<group>";
		};
		4D3CD1B92266594522909D77 /* Pods */ = {
			isa = PBXGroup;
			children = (
				E295D51A5B583AD8B08F7CCE /* Pods-TVShows.debug.xcconfig */,
				680B45AFEB70C9D2D5C8146C /* Pods-TVShows.release.xcconfig */,
				066352290CB0D718E02680CA /* Pods-TVShows (Dev).debug.xcconfig */,
				8609DD64C1CA4B86CE0D566B /* Pods-TVShows (Dev).release.xcconfig */,
			);
			name = Pods;
			sourceTree = "<group>";
		};
/* End PBXGroup section */

/* Begin PBXNativeTarget section */
		4015413F218AE92200782486 /* TVShows (Dev) */ = {
			isa = PBXNativeTarget;
			buildConfigurationList = 40154148218AE92200782486 /* Build configuration list for PBXNativeTarget "TVShows (Dev)" */;
			buildPhases = (
				E2281A835DF364F46E045377 /* [CP] Check Pods Manifest.lock */,
				40154140218AE92200782486 /* Sources */,
				40154143218AE92200782486 /* Frameworks */,
				40154144218AE92200782486 /* Resources */,
				640F81025CEDE20FD6B3CDE3 /* [CP] Embed Pods Frameworks */,
			);
			buildRules = (
			);
			dependencies = (
			);
			name = "TVShows (Dev)";
			productName = TVShows;
			productReference = 4015414B218AE92200782486 /* TVShows (Dev).app */;
			productType = "com.apple.product-type.application";
		};
		4047C44E218ADC1300599F57 /* TVShows */ = {
			isa = PBXNativeTarget;
			buildConfigurationList = 4047C461218ADC1600599F57 /* Build configuration list for PBXNativeTarget "TVShows" */;
			buildPhases = (
				8FF5E0D1AE4340ACA7D25F56 /* [CP] Check Pods Manifest.lock */,
				4047C44B218ADC1300599F57 /* Sources */,
				82E0D9B3392EBAEC72441520 /* [CP] Embed Pods Frameworks */,
				4047C44C218ADC1300599F57 /* Frameworks */,
				4047C44D218ADC1300599F57 /* Resources */,
			);
			buildRules = (
			);
			dependencies = (
			);
			name = TVShows;
			productName = TVShows;
			productReference = 4047C44F218ADC1300599F57 /* TVShows.app */;
			productType = "com.apple.product-type.application";
		};
/* End PBXNativeTarget section */

/* Begin PBXProject section */
		4047C447218ADC1300599F57 /* Project object */ = {
			isa = PBXProject;
			attributes = {
				LastSwiftUpdateCheck = 1010;
				LastUpgradeCheck = 1010;
				ORGANIZATIONNAME = "Aliaksandr Taustyha";
				TargetAttributes = {
					4015413F218AE92200782486 = {
						SystemCapabilities = {
							com.apple.Keychain = {
								enabled = 0;
							};
						};
					};
					4047C44E218ADC1300599F57 = {
						CreatedOnToolsVersion = 10.1;
					};
				};
			};
			buildConfigurationList = 4047C44A218ADC1300599F57 /* Build configuration list for PBXProject "TVShows" */;
			compatibilityVersion = "Xcode 9.3";
			developmentRegion = en;
			hasScannedForEncodings = 0;
			knownRegions = (
				en,
				Base,
			);
			mainGroup = 4047C446218ADC1300599F57;
			productRefGroup = 4047C450218ADC1300599F57 /* Products */;
			projectDirPath = "";
			projectRoot = "";
			targets = (
				4047C44E218ADC1300599F57 /* TVShows */,
				4015413F218AE92200782486 /* TVShows (Dev) */,
			);
		};
/* End PBXProject section */

/* Begin PBXResourcesBuildPhase section */
		40154144218AE92200782486 /* Resources */ = {
			isa = PBXResourcesBuildPhase;
			buildActionMask = 2147483647;
			files = (
				40154169218AEFB600782486 /* APICallsConfigurations.plist in Resources */,
				40154154218AED0D00782486 /* TVShow.xcconfig in Resources */,
				4015416C218AF58D00782486 /* Version.xcconfig in Resources */,
				4015415D218AEDFD00782486 /* TVShow_Release.xcconfig in Resources */,
				40154157218AEDC800782486 /* TVShowDev.xcconfig in Resources */,
				40154145218AE92200782486 /* LaunchScreen.storyboard in Resources */,
				4015415A218AEDE800782486 /* TVShow_Debug.xcconfig in Resources */,
				40154163218AEE3A00782486 /* TVShowDev_Release.xcconfig in Resources */,
				40154146218AE92200782486 /* Assets.xcassets in Resources */,
				40154147218AE92200782486 /* Main.storyboard in Resources */,
				40154160218AEE1B00782486 /* TVShowDev_Debug.xcconfig in Resources */,
			);
			runOnlyForDeploymentPostprocessing = 0;
		};
		4047C44D218ADC1300599F57 /* Resources */ = {
			isa = PBXResourcesBuildPhase;
			buildActionMask = 2147483647;
			files = (
				40154168218AEFB600782486 /* APICallsConfigurations.plist in Resources */,
				40154153218AED0D00782486 /* TVShow.xcconfig in Resources */,
				4015416B218AF58D00782486 /* Version.xcconfig in Resources */,
				4015415C218AEDFD00782486 /* TVShow_Release.xcconfig in Resources */,
				40154156218AEDC800782486 /* TVShowDev.xcconfig in Resources */,
				4047C45D218ADC1600599F57 /* LaunchScreen.storyboard in Resources */,
				40154159218AEDE800782486 /* TVShow_Debug.xcconfig in Resources */,
				40154162218AEE3A00782486 /* TVShowDev_Release.xcconfig in Resources */,
				4047C45A218ADC1600599F57 /* Assets.xcassets in Resources */,
				4047C458218ADC1300599F57 /* Main.storyboard in Resources */,
				4015415F218AEE1B00782486 /* TVShowDev_Debug.xcconfig in Resources */,
			);
			runOnlyForDeploymentPostprocessing = 0;
		};
/* End PBXResourcesBuildPhase section */

/* Begin PBXShellScriptBuildPhase section */
		640F81025CEDE20FD6B3CDE3 /* [CP] Embed Pods Frameworks */ = {
			isa = PBXShellScriptBuildPhase;
			buildActionMask = 2147483647;
			files = (
			);
			inputFileListPaths = (
			);
			inputPaths = (
				"${SRCROOT}/Pods/Target Support Files/Pods-TVShows (Dev)/Pods-TVShows (Dev)-frameworks.sh",
				"${BUILT_PRODUCTS_DIR}/Alamofire/Alamofire.framework",
				"${BUILT_PRODUCTS_DIR}/Kingfisher/Kingfisher.framework",
				"${BUILT_PRODUCTS_DIR}/MBProgressHUD/MBProgressHUD.framework",
				"${BUILT_PRODUCTS_DIR}/ObjectMapper/ObjectMapper.framework",
			);
			name = "[CP] Embed Pods Frameworks";
			outputFileListPaths = (
			);
			outputPaths = (
				"${TARGET_BUILD_DIR}/${FRAMEWORKS_FOLDER_PATH}/Alamofire.framework",
				"${TARGET_BUILD_DIR}/${FRAMEWORKS_FOLDER_PATH}/Kingfisher.framework",
				"${TARGET_BUILD_DIR}/${FRAMEWORKS_FOLDER_PATH}/MBProgressHUD.framework",
				"${TARGET_BUILD_DIR}/${FRAMEWORKS_FOLDER_PATH}/ObjectMapper.framework",
			);
			runOnlyForDeploymentPostprocessing = 0;
			shellPath = /bin/sh;
			shellScript = "\"${SRCROOT}/Pods/Target Support Files/Pods-TVShows (Dev)/Pods-TVShows (Dev)-frameworks.sh\"\n";
			showEnvVarsInLog = 0;
		};
		82E0D9B3392EBAEC72441520 /* [CP] Embed Pods Frameworks */ = {
			isa = PBXShellScriptBuildPhase;
			buildActionMask = 2147483647;
			files = (
			);
			inputFileListPaths = (
			);
			inputPaths = (
				"${SRCROOT}/Pods/Target Support Files/Pods-TVShows/Pods-TVShows-frameworks.sh",
				"${BUILT_PRODUCTS_DIR}/Alamofire/Alamofire.framework",
				"${BUILT_PRODUCTS_DIR}/Kingfisher/Kingfisher.framework",
				"${BUILT_PRODUCTS_DIR}/MBProgressHUD/MBProgressHUD.framework",
				"${BUILT_PRODUCTS_DIR}/ObjectMapper/ObjectMapper.framework",
			);
			name = "[CP] Embed Pods Frameworks";
			outputFileListPaths = (
			);
			outputPaths = (
				"${TARGET_BUILD_DIR}/${FRAMEWORKS_FOLDER_PATH}/Alamofire.framework",
				"${TARGET_BUILD_DIR}/${FRAMEWORKS_FOLDER_PATH}/Kingfisher.framework",
				"${TARGET_BUILD_DIR}/${FRAMEWORKS_FOLDER_PATH}/MBProgressHUD.framework",
				"${TARGET_BUILD_DIR}/${FRAMEWORKS_FOLDER_PATH}/ObjectMapper.framework",
			);
			runOnlyForDeploymentPostprocessing = 0;
			shellPath = /bin/sh;
			shellScript = "\"${SRCROOT}/Pods/Target Support Files/Pods-TVShows/Pods-TVShows-frameworks.sh\"\n";
			showEnvVarsInLog = 0;
		};
		8FF5E0D1AE4340ACA7D25F56 /* [CP] Check Pods Manifest.lock */ = {
			isa = PBXShellScriptBuildPhase;
			buildActionMask = 2147483647;
			files = (
			);
			inputFileListPaths = (
			);
			inputPaths = (
				"${PODS_PODFILE_DIR_PATH}/Podfile.lock",
				"${PODS_ROOT}/Manifest.lock",
			);
			name = "[CP] Check Pods Manifest.lock";
			outputFileListPaths = (
			);
			outputPaths = (
				"$(DERIVED_FILE_DIR)/Pods-TVShows-checkManifestLockResult.txt",
			);
			runOnlyForDeploymentPostprocessing = 0;
			shellPath = /bin/sh;
			shellScript = "diff \"${PODS_PODFILE_DIR_PATH}/Podfile.lock\" \"${PODS_ROOT}/Manifest.lock\" > /dev/null\nif [ $? != 0 ] ; then\n    # print error to STDERR\n    echo \"error: The sandbox is not in sync with the Podfile.lock. Run 'pod install' or update your CocoaPods installation.\" >&2\n    exit 1\nfi\n# This output is used by Xcode 'outputs' to avoid re-running this script phase.\necho \"SUCCESS\" > \"${SCRIPT_OUTPUT_FILE_0}\"\n";
			showEnvVarsInLog = 0;
		};
		E2281A835DF364F46E045377 /* [CP] Check Pods Manifest.lock */ = {
			isa = PBXShellScriptBuildPhase;
			buildActionMask = 2147483647;
			files = (
			);
			inputFileListPaths = (
			);
			inputPaths = (
				"${PODS_PODFILE_DIR_PATH}/Podfile.lock",
				"${PODS_ROOT}/Manifest.lock",
			);
			name = "[CP] Check Pods Manifest.lock";
			outputFileListPaths = (
			);
			outputPaths = (
				"$(DERIVED_FILE_DIR)/Pods-TVShows (Dev)-checkManifestLockResult.txt",
			);
			runOnlyForDeploymentPostprocessing = 0;
			shellPath = /bin/sh;
			shellScript = "diff \"${PODS_PODFILE_DIR_PATH}/Podfile.lock\" \"${PODS_ROOT}/Manifest.lock\" > /dev/null\nif [ $? != 0 ] ; then\n    # print error to STDERR\n    echo \"error: The sandbox is not in sync with the Podfile.lock. Run 'pod install' or update your CocoaPods installation.\" >&2\n    exit 1\nfi\n# This output is used by Xcode 'outputs' to avoid re-running this script phase.\necho \"SUCCESS\" > \"${SCRIPT_OUTPUT_FILE_0}\"\n";
			showEnvVarsInLog = 0;
		};
/* End PBXShellScriptBuildPhase section */

/* Begin PBXSourcesBuildPhase section */
		40154140218AE92200782486 /* Sources */ = {
			isa = PBXSourcesBuildPhase;
			buildActionMask = 2147483647;
			files = (
				40154186218B378F00782486 /* WebServiceResponseValidator.swift in Sources */,
				40154142218AE92200782486 /* AppDelegate.swift in Sources */,
				40A75DF0219067A500AACEB6 /* CommonCell.swift in Sources */,
				40A75DBF218F445100AACEB6 /* UIViewController+Progress.swift in Sources */,
				40A75DD521903F5000AACEB6 /* UITableView+Dequeue.swift in Sources */,
				401541D0218DF82500782486 /* Coordinator.swift in Sources */,
				401541C9218C862600782486 /* MediaService.swift in Sources */,
				401541AF218C4BBC00782486 /* ShowService.swift in Sources */,
				40A75DEC219064AF00AACEB6 /* ShowDescriptionCell.swift in Sources */,
				401541C3218C7BF000782486 /* PublishCommentService.swift in Sources */,
				40054327218EE3540023DA3E /* LoginCoordinator.swift in Sources */,
				40557E7B218EF1E500635121 /* ShowsListInteractor.swift in Sources */,
				40154176218B238500782486 /* ApplicationBuildConfig.swift in Sources */,
				40154179218B329C00782486 /* WebService.swift in Sources */,
				40A75DE92190648400AACEB6 /* EpisodeCounterCell.swift in Sources */,
				40557E75218EF14B00635121 /* ShowsListViewController.swift in Sources */,
				401541B2218C4F9C00782486 /* EpisodeWebModel.swift in Sources */,
				40154173218B210400782486 /* WebConfiguration.swift in Sources */,
				401541A5218B4E8800782486 /* LoginWebModel.swift in Sources */,
				40A75DDC2190586900AACEB6 /* ShowDetailsViewController.swift in Sources */,
				40A75DE62190644E00AACEB6 /* EpisodeCell.swift in Sources */,
				40154196218B4B3500782486 /* WebCommand.swift in Sources */,
				40A75DD22190236300AACEB6 /* UIImage+Presets.swift in Sources */,
				4015419E218B4D9200782486 /* DictionaryBuilder.swift in Sources */,
				401541A1218B4DCB00782486 /* LoginService.swift in Sources */,
				401541DA218E09AD00782486 /* CredentialService.swift in Sources */,
				40A75DC6218F508C00AACEB6 /* AuthorizationService.swift in Sources */,
				40A75DC2218F461D00AACEB6 /* UIViewController+Alerts.swift in Sources */,
				401541D6218DFE3800782486 /* UIColor+Presets.swift in Sources */,
				4015417C218B349200782486 /* WebServiceRequest.swift in Sources */,
				40154199218B4CBE00782486 /* WebServiceFactory.swift in Sources */,
				40557E71218EE9A100635121 /* UIStoryboard+Instantiation.swift in Sources */,
				401541B6218C529900782486 /* EpisodesListService.swift in Sources */,
				4015418F218B400600782486 /* Operators.swift in Sources */,
				40154183218B36B200782486 /* String+Localization.swift in Sources */,
				40557E78218EF19000635121 /* ShowsListCoordinator.swift in Sources */,
				40A75DC9218F6CCB00AACEB6 /* UIImage+Color.swift in Sources */,
				401541C0218C7BDB00782486 /* CommentsService.swift in Sources */,
				40A75DDF2190588300AACEB6 /* ShowDetailsCoordinator.swift in Sources */,
				40A75DCC218F78DA00AACEB6 /* ShowListTableViewCell.swift in Sources */,
				40154192218B467B00782486 /* NSError+Presets.swift in Sources */,
				40054324218EE32E0023DA3E /* LoginInteractor.swift in Sources */,
				401541A9218C3BCA00782486 /* ShowListService.swift in Sources */,
				4015417F218B34E900782486 /* WebServiceResponse.swift in Sources */,
				401541C6218C7D0800782486 /* CommentWebModel.swift in Sources */,
				401541AC218C3D6D00782486 /* ShowWebModel.swift in Sources */,
				401541B9218C671800782486 /* EpisodeService.swift in Sources */,
				4015418C218B3E2C00782486 /* BaseNetworkingService.swift in Sources */,
				40154189218B384300782486 /* Constants.swift in Sources */,
				40054321218EE3000023DA3E /* LoginViewController.swift in Sources */,
				40A75DE22190589F00AACEB6 /* ShowDetailsInteractor.swift in Sources */,
				401541BC218C6D1F00782486 /* PublishEpisodeService.swift in Sources */,
				401541CC218C863900782486 /* MediaWebModel.swift in Sources */,
				401541D3218DF84800782486 /* ApplicationCoordinator.swift in Sources */,
			);
			runOnlyForDeploymentPostprocessing = 0;
		};
		4047C44B218ADC1300599F57 /* Sources */ = {
			isa = PBXSourcesBuildPhase;
			buildActionMask = 2147483647;
			files = (
				40154185218B378F00782486 /* WebServiceResponseValidator.swift in Sources */,
				4047C453218ADC1300599F57 /* AppDelegate.swift in Sources */,
				40A75DEF219067A500AACEB6 /* CommonCell.swift in Sources */,
				40A75DBE218F445100AACEB6 /* UIViewController+Progress.swift in Sources */,
				40A75DD421903F5000AACEB6 /* UITableView+Dequeue.swift in Sources */,
				401541CF218DF82500782486 /* Coordinator.swift in Sources */,
				401541C8218C862600782486 /* MediaService.swift in Sources */,
				401541AE218C4BBC00782486 /* ShowService.swift in Sources */,
				40A75DEB219064AF00AACEB6 /* ShowDescriptionCell.swift in Sources */,
				401541C2218C7BF000782486 /* PublishCommentService.swift in Sources */,
				40054326218EE3540023DA3E /* LoginCoordinator.swift in Sources */,
				40557E7A218EF1E500635121 /* ShowsListInteractor.swift in Sources */,
				40154175218B238500782486 /* ApplicationBuildConfig.swift in Sources */,
				40154178218B329C00782486 /* WebService.swift in Sources */,
				40A75DE82190648400AACEB6 /* EpisodeCounterCell.swift in Sources */,
				40557E74218EF14B00635121 /* ShowsListViewController.swift in Sources */,
				401541B1218C4F9C00782486 /* EpisodeWebModel.swift in Sources */,
				40154172218B210400782486 /* WebConfiguration.swift in Sources */,
				401541A4218B4E8800782486 /* LoginWebModel.swift in Sources */,
				40A75DDB2190586900AACEB6 /* ShowDetailsViewController.swift in Sources */,
				40A75DE52190644E00AACEB6 /* EpisodeCell.swift in Sources */,
				40154195218B4B3500782486 /* WebCommand.swift in Sources */,
				40A75DD12190236300AACEB6 /* UIImage+Presets.swift in Sources */,
				4015419D218B4D9200782486 /* DictionaryBuilder.swift in Sources */,
				401541A0218B4DCB00782486 /* LoginService.swift in Sources */,
				401541D9218E09AD00782486 /* CredentialService.swift in Sources */,
				40A75DC5218F508C00AACEB6 /* AuthorizationService.swift in Sources */,
				40A75DC1218F461D00AACEB6 /* UIViewController+Alerts.swift in Sources */,
				401541D5218DFE3800782486 /* UIColor+Presets.swift in Sources */,
				4015417B218B349200782486 /* WebServiceRequest.swift in Sources */,
				40154198218B4CBE00782486 /* WebServiceFactory.swift in Sources */,
				40557E70218EE99E00635121 /* UIStoryboard+Instantiation.swift in Sources */,
				401541B5218C529900782486 /* EpisodesListService.swift in Sources */,
				4015418E218B400600782486 /* Operators.swift in Sources */,
				40154182218B36B200782486 /* String+Localization.swift in Sources */,
				40557E77218EF19000635121 /* ShowsListCoordinator.swift in Sources */,
				40A75DC8218F6CCB00AACEB6 /* UIImage+Color.swift in Sources */,
				401541BF218C7BDB00782486 /* CommentsService.swift in Sources */,
				40A75DDE2190588300AACEB6 /* ShowDetailsCoordinator.swift in Sources */,
				40A75DCB218F78DA00AACEB6 /* ShowListTableViewCell.swift in Sources */,
				40154191218B467B00782486 /* NSError+Presets.swift in Sources */,
				40054323218EE32E0023DA3E /* LoginInteractor.swift in Sources */,
				401541A8218C3BCA00782486 /* ShowListService.swift in Sources */,
				4015417E218B34E900782486 /* WebServiceResponse.swift in Sources */,
				401541C5218C7D0800782486 /* CommentWebModel.swift in Sources */,
				401541AB218C3D6D00782486 /* ShowWebModel.swift in Sources */,
				401541B8218C671800782486 /* EpisodeService.swift in Sources */,
				4015418B218B3E2C00782486 /* BaseNetworkingService.swift in Sources */,
				40154188218B384300782486 /* Constants.swift in Sources */,
				40054320218EE3000023DA3E /* LoginViewController.swift in Sources */,
				40A75DE12190589F00AACEB6 /* ShowDetailsInteractor.swift in Sources */,
				401541BB218C6D1F00782486 /* PublishEpisodeService.swift in Sources */,
				401541CB218C863900782486 /* MediaWebModel.swift in Sources */,
				401541D2218DF84800782486 /* ApplicationCoordinator.swift in Sources */,
			);
			runOnlyForDeploymentPostprocessing = 0;
		};
/* End PBXSourcesBuildPhase section */

/* Begin PBXVariantGroup section */
		4047C456218ADC1300599F57 /* Main.storyboard */ = {
			isa = PBXVariantGroup;
			children = (
				4047C457218ADC1300599F57 /* Base */,
			);
			name = Main.storyboard;
			sourceTree = "<group>";
		};
		4047C45B218ADC1600599F57 /* LaunchScreen.storyboard */ = {
			isa = PBXVariantGroup;
			children = (
				4047C45C218ADC1600599F57 /* Base */,
			);
			name = LaunchScreen.storyboard;
			sourceTree = "<group>";
		};
/* End PBXVariantGroup section */

/* Begin XCBuildConfiguration section */
		40154149218AE92200782486 /* Debug */ = {
			isa = XCBuildConfiguration;
			baseConfigurationReference = 066352290CB0D718E02680CA /* Pods-TVShows (Dev).debug.xcconfig */;
			buildSettings = {
				ASSETCATALOG_COMPILER_APPICON_NAME = AppIcon;
				CODE_SIGN_STYLE = Automatic;
				DEVELOPMENT_TEAM = 2TMN87LT38;
				INFOPLIST_FILE = "$(SRCROOT)/TVShows-Dev.plist";
				LD_RUNPATH_SEARCH_PATHS = (
					"$(inherited)",
					"@executable_path/Frameworks",
				);
				PRODUCT_BUNDLE_IDENTIFIER = com.instinctools.TVShowsDev;
				PRODUCT_NAME = "$(TARGET_NAME)";
				SWIFT_VERSION = 4.2;
				TARGETED_DEVICE_FAMILY = 1;
			};
			name = Debug;
		};
		4015414A218AE92200782486 /* Release */ = {
			isa = XCBuildConfiguration;
			baseConfigurationReference = 8609DD64C1CA4B86CE0D566B /* Pods-TVShows (Dev).release.xcconfig */;
			buildSettings = {
				ASSETCATALOG_COMPILER_APPICON_NAME = AppIcon;
				CODE_SIGN_STYLE = Automatic;
				DEVELOPMENT_TEAM = 2TMN87LT38;
				INFOPLIST_FILE = "$(SRCROOT)/TVShows-Dev.plist";
				LD_RUNPATH_SEARCH_PATHS = (
					"$(inherited)",
					"@executable_path/Frameworks",
				);
				PRODUCT_BUNDLE_IDENTIFIER = com.instinctools.TVShowsDev;
				PRODUCT_NAME = "$(TARGET_NAME)";
				SWIFT_VERSION = 4.2;
				TARGETED_DEVICE_FAMILY = 1;
			};
			name = Release;
		};
		4047C45F218ADC1600599F57 /* Debug */ = {
			isa = XCBuildConfiguration;
			buildSettings = {
				ALWAYS_SEARCH_USER_PATHS = NO;
				CLANG_ANALYZER_NONNULL = YES;
				CLANG_ANALYZER_NUMBER_OBJECT_CONVERSION = YES_AGGRESSIVE;
				CLANG_CXX_LANGUAGE_STANDARD = "gnu++14";
				CLANG_CXX_LIBRARY = "libc++";
				CLANG_ENABLE_MODULES = YES;
				CLANG_ENABLE_OBJC_ARC = YES;
				CLANG_ENABLE_OBJC_WEAK = YES;
				CLANG_WARN_BLOCK_CAPTURE_AUTORELEASING = YES;
				CLANG_WARN_BOOL_CONVERSION = YES;
				CLANG_WARN_COMMA = YES;
				CLANG_WARN_CONSTANT_CONVERSION = YES;
				CLANG_WARN_DEPRECATED_OBJC_IMPLEMENTATIONS = YES;
				CLANG_WARN_DIRECT_OBJC_ISA_USAGE = YES_ERROR;
				CLANG_WARN_DOCUMENTATION_COMMENTS = YES;
				CLANG_WARN_EMPTY_BODY = YES;
				CLANG_WARN_ENUM_CONVERSION = YES;
				CLANG_WARN_INFINITE_RECURSION = YES;
				CLANG_WARN_INT_CONVERSION = YES;
				CLANG_WARN_NON_LITERAL_NULL_CONVERSION = YES;
				CLANG_WARN_OBJC_IMPLICIT_RETAIN_SELF = YES;
				CLANG_WARN_OBJC_LITERAL_CONVERSION = YES;
				CLANG_WARN_OBJC_ROOT_CLASS = YES_ERROR;
				CLANG_WARN_RANGE_LOOP_ANALYSIS = YES;
				CLANG_WARN_STRICT_PROTOTYPES = YES;
				CLANG_WARN_SUSPICIOUS_MOVE = YES;
				CLANG_WARN_UNGUARDED_AVAILABILITY = YES_AGGRESSIVE;
				CLANG_WARN_UNREACHABLE_CODE = YES;
				CLANG_WARN__DUPLICATE_METHOD_MATCH = YES;
				CODE_SIGN_IDENTITY = "iPhone Developer";
				COPY_PHASE_STRIP = NO;
				DEBUG_INFORMATION_FORMAT = dwarf;
				ENABLE_STRICT_OBJC_MSGSEND = YES;
				ENABLE_TESTABILITY = YES;
				GCC_C_LANGUAGE_STANDARD = gnu11;
				GCC_DYNAMIC_NO_PIC = NO;
				GCC_NO_COMMON_BLOCKS = YES;
				GCC_OPTIMIZATION_LEVEL = 0;
				GCC_PREPROCESSOR_DEFINITIONS = (
					"DEBUG=1",
					"$(inherited)",
				);
				GCC_WARN_64_TO_32_BIT_CONVERSION = YES;
				GCC_WARN_ABOUT_RETURN_TYPE = YES_ERROR;
				GCC_WARN_UNDECLARED_SELECTOR = YES;
				GCC_WARN_UNINITIALIZED_AUTOS = YES_AGGRESSIVE;
				GCC_WARN_UNUSED_FUNCTION = YES;
				GCC_WARN_UNUSED_VARIABLE = YES;
				IPHONEOS_DEPLOYMENT_TARGET = 12.1;
				MTL_ENABLE_DEBUG_INFO = INCLUDE_SOURCE;
				MTL_FAST_MATH = YES;
				ONLY_ACTIVE_ARCH = YES;
				SDKROOT = iphoneos;
				SWIFT_ACTIVE_COMPILATION_CONDITIONS = DEBUG;
				SWIFT_OPTIMIZATION_LEVEL = "-Onone";
			};
			name = Debug;
		};
		4047C460218ADC1600599F57 /* Release */ = {
			isa = XCBuildConfiguration;
			buildSettings = {
				ALWAYS_SEARCH_USER_PATHS = NO;
				CLANG_ANALYZER_NONNULL = YES;
				CLANG_ANALYZER_NUMBER_OBJECT_CONVERSION = YES_AGGRESSIVE;
				CLANG_CXX_LANGUAGE_STANDARD = "gnu++14";
				CLANG_CXX_LIBRARY = "libc++";
				CLANG_ENABLE_MODULES = YES;
				CLANG_ENABLE_OBJC_ARC = YES;
				CLANG_ENABLE_OBJC_WEAK = YES;
				CLANG_WARN_BLOCK_CAPTURE_AUTORELEASING = YES;
				CLANG_WARN_BOOL_CONVERSION = YES;
				CLANG_WARN_COMMA = YES;
				CLANG_WARN_CONSTANT_CONVERSION = YES;
				CLANG_WARN_DEPRECATED_OBJC_IMPLEMENTATIONS = YES;
				CLANG_WARN_DIRECT_OBJC_ISA_USAGE = YES_ERROR;
				CLANG_WARN_DOCUMENTATION_COMMENTS = YES;
				CLANG_WARN_EMPTY_BODY = YES;
				CLANG_WARN_ENUM_CONVERSION = YES;
				CLANG_WARN_INFINITE_RECURSION = YES;
				CLANG_WARN_INT_CONVERSION = YES;
				CLANG_WARN_NON_LITERAL_NULL_CONVERSION = YES;
				CLANG_WARN_OBJC_IMPLICIT_RETAIN_SELF = YES;
				CLANG_WARN_OBJC_LITERAL_CONVERSION = YES;
				CLANG_WARN_OBJC_ROOT_CLASS = YES_ERROR;
				CLANG_WARN_RANGE_LOOP_ANALYSIS = YES;
				CLANG_WARN_STRICT_PROTOTYPES = YES;
				CLANG_WARN_SUSPICIOUS_MOVE = YES;
				CLANG_WARN_UNGUARDED_AVAILABILITY = YES_AGGRESSIVE;
				CLANG_WARN_UNREACHABLE_CODE = YES;
				CLANG_WARN__DUPLICATE_METHOD_MATCH = YES;
				CODE_SIGN_IDENTITY = "iPhone Developer";
				COPY_PHASE_STRIP = NO;
				DEBUG_INFORMATION_FORMAT = "dwarf-with-dsym";
				ENABLE_NS_ASSERTIONS = NO;
				ENABLE_STRICT_OBJC_MSGSEND = YES;
				GCC_C_LANGUAGE_STANDARD = gnu11;
				GCC_NO_COMMON_BLOCKS = YES;
				GCC_WARN_64_TO_32_BIT_CONVERSION = YES;
				GCC_WARN_ABOUT_RETURN_TYPE = YES_ERROR;
				GCC_WARN_UNDECLARED_SELECTOR = YES;
				GCC_WARN_UNINITIALIZED_AUTOS = YES_AGGRESSIVE;
				GCC_WARN_UNUSED_FUNCTION = YES;
				GCC_WARN_UNUSED_VARIABLE = YES;
				IPHONEOS_DEPLOYMENT_TARGET = 12.1;
				MTL_ENABLE_DEBUG_INFO = NO;
				MTL_FAST_MATH = YES;
				SDKROOT = iphoneos;
				SWIFT_COMPILATION_MODE = wholemodule;
				SWIFT_OPTIMIZATION_LEVEL = "-O";
				VALIDATE_PRODUCT = YES;
			};
			name = Release;
		};
		4047C462218ADC1600599F57 /* Debug */ = {
			isa = XCBuildConfiguration;
			baseConfigurationReference = E295D51A5B583AD8B08F7CCE /* Pods-TVShows.debug.xcconfig */;
			buildSettings = {
				ASSETCATALOG_COMPILER_APPICON_NAME = AppIcon;
				CODE_SIGN_STYLE = Automatic;
				DEVELOPMENT_TEAM = 2TMN87LT38;
				INFOPLIST_FILE = "$(SRCROOT)/TVShows/SupportingFiles/TVShows.plist";
				LD_RUNPATH_SEARCH_PATHS = (
					"$(inherited)",
					"@executable_path/Frameworks",
				);
				PRODUCT_BUNDLE_IDENTIFIER = com.instinctools.TVShows;
				PRODUCT_NAME = "$(TARGET_NAME)";
				SWIFT_VERSION = 4.2;
				TARGETED_DEVICE_FAMILY = 1;
			};
			name = Debug;
		};
		4047C463218ADC1600599F57 /* Release */ = {
			isa = XCBuildConfiguration;
			baseConfigurationReference = 680B45AFEB70C9D2D5C8146C /* Pods-TVShows.release.xcconfig */;
			buildSettings = {
				ASSETCATALOG_COMPILER_APPICON_NAME = AppIcon;
				CODE_SIGN_STYLE = Automatic;
				DEVELOPMENT_TEAM = 2TMN87LT38;
				INFOPLIST_FILE = "$(SRCROOT)/TVShows/SupportingFiles/TVShows.plist";
				LD_RUNPATH_SEARCH_PATHS = (
					"$(inherited)",
					"@executable_path/Frameworks",
				);
				PRODUCT_BUNDLE_IDENTIFIER = com.instinctools.TVShows;
				PRODUCT_NAME = "$(TARGET_NAME)";
				SWIFT_VERSION = 4.2;
				TARGETED_DEVICE_FAMILY = 1;
			};
			name = Release;
		};
/* End XCBuildConfiguration section */

/* Begin XCConfigurationList section */
		40154148218AE92200782486 /* Build configuration list for PBXNativeTarget "TVShows (Dev)" */ = {
			isa = XCConfigurationList;
			buildConfigurations = (
				40154149218AE92200782486 /* Debug */,
				4015414A218AE92200782486 /* Release */,
			);
			defaultConfigurationIsVisible = 0;
			defaultConfigurationName = Release;
		};
		4047C44A218ADC1300599F57 /* Build configuration list for PBXProject "TVShows" */ = {
			isa = XCConfigurationList;
			buildConfigurations = (
				4047C45F218ADC1600599F57 /* Debug */,
				4047C460218ADC1600599F57 /* Release */,
			);
			defaultConfigurationIsVisible = 0;
			defaultConfigurationName = Release;
		};
		4047C461218ADC1600599F57 /* Build configuration list for PBXNativeTarget "TVShows" */ = {
			isa = XCConfigurationList;
			buildConfigurations = (
				4047C462218ADC1600599F57 /* Debug */,
				4047C463218ADC1600599F57 /* Release */,
			);
			defaultConfigurationIsVisible = 0;
			defaultConfigurationName = Release;
		};
/* End XCConfigurationList section */
	};
	rootObject = 4047C447218ADC1300599F57 /* Project object */;
}
